Microsoft Visual Studio Solution File, Format Version 12.00
# Visual Studio Version 17
VisualStudioVersion = 17.5.2.0
MinimumVisualStudioVersion = 10.0.40219.1
Project("{2150E333-8FDC-42A3-9474-1A3956D46DE8}") = "lab", "lab", "{88AB7371-40A3-7B65-CF7E-ACD3CC9F1E10}"
EndProject
Project("{FAE04EC0-301F-11D3-BF4B-00C04F79EFBC}") = "ConversationalMemoryLab", "lab\iter01\ConversationalMemoryLab.csproj", "{5BAD629E-3A40-BABC-2DA5-9D46843B6572}"
EndProject
Project("{FAE04EC0-301F-11D3-BF4B-00C04F79EFBC}") = "TranslationPluginLab", "lab\iter02\TranslationPluginLab.csproj", "{7C8E94FA-6B21-4D8C-9A7F-1E2B3C4D5E6F}"
EndProject
Global
	GlobalSection(SolutionConfigurationPlatforms) = preSolution
		Debug|Any CPU = Debug|Any CPU
		Release|Any CPU = Release|Any CPU
	EndGlobalSection
	GlobalSection(ProjectConfigurationPlatforms) = postSolution
		{5BAD629E-3A40-BABC-2DA5-9D46843B6572}.Debug|Any CPU.ActiveCfg = Debug|Any CPU
		{5BAD629E-3A40-BABC-2DA5-9D46843B6572}.Debug|Any CPU.Build.0 = Debug|Any CPU
		{5BAD629E-3A40-BABC-2DA5-9D46843B6572}.Release|Any CPU.ActiveCfg = Release|Any CPU
		{5BAD629E-3A40-BABC-2DA5-9D46843B6572}.Release|Any CPU.Build.0 = Release|Any CPU
		{7C8E94FA-6B21-4D8C-9A7F-1E2B3C4D5E6F}.Debug|Any CPU.ActiveCfg = Debug|Any CPU
		{7C8E94FA-6B21-4D8C-9A7F-1E2B3C4D5E6F}.Debug|Any CPU.Build.0 = Debug|Any CPU
		{7C8E94FA-6B21-4D8C-9A7F-1E2B3C4D5E6F}.Release|Any CPU.ActiveCfg = Release|Any CPU
		{7C8E94FA-6B21-4D8C-9A7F-1E2B3C4D5E6F}.Release|Any CPU.Build.0 = Release|Any CPU
	EndGlobalSection
	GlobalSection(SolutionProperties) = preSolution
		HideSolutionNode = FALSE
	EndGlobalSection
	GlobalSection(NestedProjects) = preSolution
		{5BAD629E-3A40-BABC-2DA5-9D46843B6572} = {88AB7371-40A3-7B65-CF7E-ACD3CC9F1E10}
		{7C8E94FA-6B21-4D8C-9A7F-1E2B3C4D5E6F} = {88AB7371-40A3-7B65-CF7E-ACD3CC9F1E10}
	EndGlobalSection
	GlobalSection(ExtensibilityGlobals) = postSolution
		SolutionGuid = {90334F21-7264-4148-A6BA-57B75A01325C}
	EndGlobalSection
EndGlobal
